
Microsoft Visual Studio Solution File, Format Version 12.00
# Visual Studio 14
VisualStudioVersion = 14.0.25420.1
MinimumVisualStudioVersion = 10.0.40219.1
Project("{888888A0-9F3D-457C-B088-3A5042F75D52}") = "FileWatcher", "FileWatcher\FileWatcher.pyproj", "{734EA472-7F1E-4195-9416-B9B103D6256A}"
EndProject
Project("{888888A0-9F3D-457C-B088-3A5042F75D52}") = "FileReceiver", "FileReceiver\FileReceiver.pyproj", "{15B27B82-0854-4EB3-89D6-073C008CC8B9}"
EndProject
Global
	GlobalSection(SolutionConfigurationPlatforms) = preSolution
		Debug|Any CPU = Debug|Any CPU
		Release|Any CPU = Release|Any CPU
	EndGlobalSection
	GlobalSection(ProjectConfigurationPlatforms) = postSolution
		{734EA472-7F1E-4195-9416-B9B103D6256A}.Debug|Any CPU.ActiveCfg = Debug|Any CPU
		{734EA472-7F1E-4195-9416-B9B103D6256A}.Release|Any CPU.ActiveCfg = Release|Any CPU
		{15B27B82-0854-4EB3-89D6-073C008CC8B9}.Debug|Any CPU.ActiveCfg = Debug|Any CPU
		{15B27B82-0854-4EB3-89D6-073C008CC8B9}.Release|Any CPU.ActiveCfg = Release|Any CPU
	EndGlobalSection
	GlobalSection(SolutionProperties) = preSolution
		HideSolutionNode = FALSE
	EndGlobalSection
EndGlobal
